// !$*UTF8*$!
{
	archiveVersion = 1;
	classes = {
	};
	objectVersion = 77;
	objects = {

/* Begin PBXBuildFile section */
		289A41B2BBBB93C6CD5E4BAA /* TaxSuiteWidget.appex in Embed App Extensions */ = {isa = PBXBuildFile; fileRef = A553D8E1749CDE193DB2662D /* TaxSuiteWidget.appex */; };
		40C83A7047BB3F58E5923814 /* TaxSuiteWidgetSupport.swift in Sources */ = {isa = PBXBuildFile; fileRef = D6AAF4717E08BC49A9267C77 /* TaxSuiteWidgetSupport.swift */; };
		47CD190857736EAE6AB3A8BF /* Foundation.framework in Frameworks */ = {isa = PBXBuildFile; fileRef = 35B664418527FB9786991321 /* Foundation.framework */; };
		95754B1EBC877DB921CD2897 /* TaxSuiteWidget.swift in Sources */ = {isa = PBXBuildFile; fileRef = 489B40F5D25A1B500246E0D3 /* TaxSuiteWidget.swift */; };
		A50A3CEE2F8B2A0500618AFA /* GoogleMobileAds in Frameworks */ = {isa = PBXBuildFile; productRef = A50A3CED2F8B2A0500618AFA /* GoogleMobileAds */; };
/* End PBXBuildFile section */

/* Begin PBXContainerItemProxy section */
		469FA8D38B84D792D8A4E978 /* PBXContainerItemProxy */ = {
			isa = PBXContainerItemProxy;
			containerPortal = A50A3CC82F895EB500618AFA /* Project object */;
			proxyType = 1;
			remoteGlobalIDString = 5A66AE9FC6268CCFE9B0465D;
			remoteInfo = TaxSuiteWidget;
		};
/* End PBXContainerItemProxy section */

/* Begin PBXCopyFilesBuildPhase section */
		128B602DE4C4580B0EFDBC81 /* Embed App Extensions */ = {
			isa = PBXCopyFilesBuildPhase;
			buildActionMask = 2147483647;
			dstPath = "";
			dstSubfolderSpec = 13;
			files = (
				289A41B2BBBB93C6CD5E4BAA /* TaxSuiteWidget.appex in Embed App Extensions */,
			);
			name = "Embed App Extensions";
			runOnlyForDeploymentPostprocessing = 0;
		};
/* End PBXCopyFilesBuildPhase section */

/* Begin PBXFileReference section */
		1908694D9FC574151FB7D8CC /* Info.plist */ = {isa = PBXFileReference; includeInIndex = 1; lastKnownFileType = text.plist.xml; path = Info.plist; sourceTree = "<group>"; };
		35B664418527FB9786991321 /* Foundation.framework */ = {isa = PBXFileReference; lastKnownFileType = wrapper.framework; name = Foundation.framework; path = Platforms/iPhoneOS.platform/Developer/SDKs/iPhoneOS18.0.sdk/System/Library/Frameworks/Foundation.framework; sourceTree = DEVELOPER_DIR; };
		489B40F5D25A1B500246E0D3 /* TaxSuiteWidget.swift */ = {isa = PBXFileReference; includeInIndex = 1; lastKnownFileType = sourcecode.swift; path = TaxSuiteWidget.swift; sourceTree = "<group>"; };
		A50A3CD02F895EB500618AFA /* TaxSuite.app */ = {isa = PBXFileReference; explicitFileType = wrapper.application; includeInIndex = 0; path = TaxSuite.app; sourceTree = BUILT_PRODUCTS_DIR; };
		A553D8E1749CDE193DB2662D /* TaxSuiteWidget.appex */ = {isa = PBXFileReference; explicitFileType = "wrapper.app-extension"; includeInIndex = 0; path = TaxSuiteWidget.appex; sourceTree = BUILT_PRODUCTS_DIR; };
		D15C820DB4E60A69A7F4AC8E /* TaxSuiteWidget.entitlements */ = {isa = PBXFileReference; includeInIndex = 1; lastKnownFileType = text.plist.entitlements; path = TaxSuiteWidget.entitlements; sourceTree = "<group>"; };
		D6AAF4717E08BC49A9267C77 /* TaxSuiteWidgetSupport.swift */ = {isa = PBXFileReference; includeInIndex = 1; lastKnownFileType = sourcecode.swift; name = TaxSuiteWidgetSupport.swift; path = ../TaxSuite/TaxSuiteWidgetSupport.swift; sourceTree = "<group>"; };
/* End PBXFileReference section */

/* Begin PBXFileSystemSynchronizedBuildFileExceptionSet section */
		A50A3CDD2F895EB700618AFA /* Exceptions for "TaxSuite" folder in "TaxSuite" target */ = {
			isa = PBXFileSystemSynchronizedBuildFileExceptionSet;
			membershipExceptions = (
				Info.plist,
			);
			target = A50A3CCF2F895EB500618AFA /* TaxSuite */;
		};
/* End PBXFileSystemSynchronizedBuildFileExceptionSet section */

/* Begin PBXFileSystemSynchronizedRootGroup section */
		A50A3CD22F895EB500618AFA /* TaxSuite */ = {
			isa = PBXFileSystemSynchronizedRootGroup;
			exceptions = (
				A50A3CDD2F895EB700618AFA /* Exceptions for "TaxSuite" folder in "TaxSuite" target */,
			);
			path = TaxSuite;
			sourceTree = "<group>";
		};
/* End PBXFileSystemSynchronizedRootGroup section */

/* Begin PBXFrameworksBuildPhase section */
		7FF95A87C7FAA809F2A15CE2 /* Frameworks */ = {
			isa = PBXFrameworksBuildPhase;
			buildActionMask = 2147483647;
			files = (
				47CD190857736EAE6AB3A8BF /* Foundation.framework in Frameworks */,
			);
			runOnlyForDeploymentPostprocessing = 0;
		};
		A50A3CCD2F895EB500618AFA /* Frameworks */ = {
			isa = PBXFrameworksBuildPhase;
			buildActionMask = 2147483647;
			files = (
				A50A3CEE2F8B2A0500618AFA /* GoogleMobileAds in Frameworks */,
			);
			runOnlyForDeploymentPostprocessing = 0;
		};
/* End PBXFrameworksBuildPhase section */

/* Begin PBXGroup section */
		35F2070C24A13C764BAE0582 /* Frameworks */ = {
			isa = PBXGroup;
			children = (
				95C637466D2C8E83A079638F /* iOS */,
			);
			name = Frameworks;
			sourceTree = "<group>";
		};
		459D87516080789EE6FE91C3 /* TaxSuiteWidget */ = {
			isa = PBXGroup;
			children = (
				489B40F5D25A1B500246E0D3 /* TaxSuiteWidget.swift */,
				1908694D9FC574151FB7D8CC /* Info.plist */,
				D15C820DB4E60A69A7F4AC8E /* TaxSuiteWidget.entitlements */,
				D6AAF4717E08BC49A9267C77 /* TaxSuiteWidgetSupport.swift */,
			);
			name = TaxSuiteWidget;
			path = TaxSuiteWidget;
			sourceTree = "<group>";
		};
		95C637466D2C8E83A079638F /* iOS */ = {
			isa = PBXGroup;
			children = (
				35B664418527FB9786991321 /* Foundation.framework */,
			);
			name = iOS;
			sourceTree = "<group>";
		};
		A50A3CC72F895EB500618AFA = {
			isa = PBXGroup;
			children = (
				A50A3CD22F895EB500618AFA /* TaxSuite */,
				A50A3CD12F895EB500618AFA /* Products */,
				35F2070C24A13C764BAE0582 /* Frameworks */,
				459D87516080789EE6FE91C3 /* TaxSuiteWidget */,
			);
			sourceTree = "<group>";
		};
		A50A3CD12F895EB500618AFA /* Products */ = {
			isa = PBXGroup;
			children = (
				A50A3CD02F895EB500618AFA /* TaxSuite.app */,
				A553D8E1749CDE193DB2662D /* TaxSuiteWidget.appex */,
			);
			name = Products;
			sourceTree = "<group>";
		};
/* End PBXGroup section */

/* Begin PBXNativeTarget section */
		5A66AE9FC6268CCFE9B0465D /* TaxSuiteWidget */ = {
			isa = PBXNativeTarget;
			buildConfigurationList = C3D5E17F85B8A6E55D0AC7C2 /* Build configuration list for PBXNativeTarget "TaxSuiteWidget" */;
			buildPhases = (
				7C1B7EFCD2CEA35A2DF9A16E /* Sources */,
				7FF95A87C7FAA809F2A15CE2 /* Frameworks */,
				7B6E13CE65E460214993817D /* Resources */,
			);
			buildRules = (
			);
			dependencies = (
			);
			name = TaxSuiteWidget;
			productName = TaxSuiteWidget;
			productReference = A553D8E1749CDE193DB2662D /* TaxSuiteWidget.appex */;
			productType = "com.apple.product-type.app-extension";
		};
		A50A3CCF2F895EB500618AFA /* TaxSuite */ = {
			isa = PBXNativeTarget;
			buildConfigurationList = A50A3CDE2F895EB700618AFA /* Build configuration list for PBXNativeTarget "TaxSuite" */;
			buildPhases = (
				A50A3CCC2F895EB500618AFA /* Sources */,
				A50A3CCD2F895EB500618AFA /* Frameworks */,
				A50A3CCE2F895EB500618AFA /* Resources */,
				128B602DE4C4580B0EFDBC81 /* Embed App Extensions */,
			);
			buildRules = (
			);
			dependencies = (
				57FA3095433AE9BDF7A0E20C /* PBXTargetDependency */,
			);
			fileSystemSynchronizedGroups = (
				A50A3CD22F895EB500618AFA /* TaxSuite */,
			);
			name = TaxSuite;
			packageProductDependencies = (
				A50A3CED2F8B2A0500618AFA /* GoogleMobileAds */,
			);
			productName = TaxSuite;
			productReference = A50A3CD02F895EB500618AFA /* TaxSuite.app */;
			productType = "com.apple.product-type.application";
		};
/* End PBXNativeTarget section */

/* Begin PBXProject section */
		A50A3CC82F895EB500618AFA /* Project object */ = {
			isa = PBXProject;
			attributes = {
				BuildIndependentTargetsInParallel = 1;
				LastSwiftUpdateCheck = 2640;
				LastUpgradeCheck = 2640;
				TargetAttributes = {
					A50A3CCF2F895EB500618AFA = {
						CreatedOnToolsVersion = 26.4;
					};
				};
			};
			buildConfigurationList = A50A3CCB2F895EB500618AFA /* Build configuration list for PBXProject "TaxSuite" */;
			developmentRegion = en;
			hasScannedForEncodings = 0;
			knownRegions = (
				en,
				Base,
			);
			mainGroup = A50A3CC72F895EB500618AFA;
			minimizedProjectReferenceProxies = 1;
			packageReferences = (
				A50A3CEC2F8B2A0500618AFA /* XCRemoteSwiftPackageReference "swift-package-manager-google-mobile-ads" */,
			);
			preferredProjectObjectVersion = 77;
			productRefGroup = A50A3CD12F895EB500618AFA /* Products */;
			projectDirPath = "";
			projectRoot = "";
			targets = (
				A50A3CCF2F895EB500618AFA /* TaxSuite */,
				5A66AE9FC6268CCFE9B0465D /* TaxSuiteWidget */,
			);
		};
/* End PBXProject section */

/* Begin PBXResourcesBuildPhase section */
		7B6E13CE65E460214993817D /* Resources */ = {
			isa = PBXResourcesBuildPhase;
			buildActionMask = 2147483647;
			files = (
			);
			runOnlyForDeploymentPostprocessing = 0;
		};
		A50A3CCE2F895EB500618AFA /* Resources */ = {
			isa = PBXResourcesBuildPhase;
			buildActionMask = 2147483647;
			files = (
			);
			runOnlyForDeploymentPostprocessing = 0;
		};
/* End PBXResourcesBuildPhase section */

/* Begin PBXSourcesBuildPhase section */
		7C1B7EFCD2CEA35A2DF9A16E /* Sources */ = {
			isa = PBXSourcesBuildPhase;
			buildActionMask = 2147483647;
			files = (
				95754B1EBC877DB921CD2897 /* TaxSuiteWidget.swift in Sources */,
				40C83A7047BB3F58E5923814 /* TaxSuiteWidgetSupport.swift in Sources */,
			);
			runOnlyForDeploymentPostprocessing = 0;
		};
		A50A3CCC2F895EB500618AFA /* Sources */ = {
			isa = PBXSourcesBuildPhase;
			buildActionMask = 2147483647;
			files = (
			);
			runOnlyForDeploymentPostprocessing = 0;
		};
/* End PBXSourcesBuildPhase section */

/* Begin PBXTargetDependency section */
		57FA3095433AE9BDF7A0E20C /* PBXTargetDependency */ = {
			isa = PBXTargetDependency;
			name = TaxSuiteWidget;
			target = 5A66AE9FC6268CCFE9B0465D /* TaxSuiteWidget */;
			targetProxy = 469FA8D38B84D792D8A4E978 /* PBXContainerItemProxy */;
		};
/* End PBXTargetDependency section */

/* Begin XCBuildConfiguration section */
		272AB499BB669DCA49A436F6 /* Release */ = {
			isa = XCBuildConfiguration;
			buildSettings = {
				APPLICATION_EXTENSION_API_ONLY = YES;
				CLANG_ENABLE_OBJC_WEAK = NO;
				CODE_SIGN_ENTITLEMENTS = TaxSuiteWidget/TaxSuiteWidget.entitlements;
				CODE_SIGN_STYLE = Automatic;
				CURRENT_PROJECT_VERSION = 1;
				DEVELOPMENT_TEAM = 7R927F3U4V;
				ENABLE_PREVIEWS = YES;
				GENERATE_INFOPLIST_FILE = YES;
				INFOPLIST_FILE = TaxSuiteWidget/Info.plist;
				IPHONEOS_DEPLOYMENT_TARGET = 26.4;
				LD_RUNPATH_SEARCH_PATHS = (
					"$(inherited)",
					"@executable_path/Frameworks",
					"@executable_path/../../Frameworks",
				);
				MARKETING_VERSION = 1.0;
				PRODUCT_BUNDLE_IDENTIFIER = com.fumiakiMogi777.TaxSuite.TaxSuiteWidget;
				PRODUCT_NAME = "$(TARGET_NAME)";
				SDKROOT = iphoneos;
				SKIP_INSTALL = YES;
				SWIFT_ACTIVE_COMPILATION_CONDITIONS = "WIDGET_EXTENSION $(inherited)";
				SWIFT_VERSION = 5.0;
				TARGETED_DEVICE_FAMILY = "1,2";
				VALIDATE_PRODUCT = YES;
			};
			name = Release;
		};
		A15064A6A3C20E652736E875 /* Debug */ = {
			isa = XCBuildConfiguration;
			buildSettings = {
				APPLICATION_EXTENSION_API_ONLY = YES;
				CLANG_ENABLE_OBJC_WEAK = NO;
				CODE_SIGN_ENTITLEMENTS = TaxSuiteWidget/TaxSuiteWidget.entitlements;
				CODE_SIGN_STYLE = Automatic;
				CURRENT_PROJECT_VERSION = 1;
				DEVELOPMENT_TEAM = 7R927F3U4V;
				ENABLE_PREVIEWS = YES;
				GENERATE_INFOPLIST_FILE = YES;
				INFOPLIST_FILE = TaxSuiteWidget/Info.plist;
				IPHONEOS_DEPLOYMENT_TARGET = 26.4;
				LD_RUNPATH_SEARCH_PATHS = (
					"$(inherited)",
					"@executable_path/Frameworks",
					"@executable_path/../../Frameworks",
				);
				MARKETING_VERSION = 1.0;
				PRODUCT_BUNDLE_IDENTIFIER = com.fumiakiMogi777.TaxSuite.TaxSuiteWidget;
				PRODUCT_NAME = "$(TARGET_NAME)";
				SDKROOT = iphoneos;
				SKIP_INSTALL = YES;
				SWIFT_ACTIVE_COMPILATION_CONDITIONS = "WIDGET_EXTENSION DEBUG $(inherited)";
				SWIFT_VERSION = 5.0;
				TARGETED_DEVICE_FAMILY = "1,2";
			};
			name = Debug;
		};
		A50A3CDF2F895EB700618AFA /* Debug */ = {
			isa = XCBuildConfiguration;
			buildSettings = {
				ASSETCATALOG_COMPILER_APPICON_NAME = AppIcon;
				ASSETCATALOG_COMPILER_GLOBAL_ACCENT_COLOR_NAME = AccentColor;
				CODE_SIGN_ENTITLEMENTS = TaxSuite/TaxSuite.entitlements;
				CODE_SIGN_STYLE = Automatic;
				CURRENT_PROJECT_VERSION = 1;
				DEVELOPMENT_TEAM = 7R927F3U4V;
				ENABLE_PREVIEWS = YES;
				GENERATE_INFOPLIST_FILE = YES;
				INFOPLIST_FILE = TaxSuite/Info.plist;
				INFOPLIST_KEY_LSApplicationCategoryType = "public.app-category.finance";
				INFOPLIST_KEY_UIApplicationSceneManifest_Generation = YES;
				INFOPLIST_KEY_UIApplicationSupportsIndirectInputEvents = YES;
				INFOPLIST_KEY_UILaunchScreen_Generation = YES;
				INFOPLIST_KEY_UISupportedInterfaceOrientations_iPad = UIInterfaceOrientationPortrait;
				INFOPLIST_KEY_UISupportedInterfaceOrientations_iPhone = UIInterfaceOrientationPortrait;
				LD_RUNPATH_SEARCH_PATHS = (
					"$(inherited)",
					"@executable_path/Frameworks",
				);
				MARKETING_VERSION = 1.0;
				PRODUCT_BUNDLE_IDENTIFIER = com.fumiakiMogi777.TaxSuite;
				PRODUCT_NAME = "$(TARGET_NAME)";
				STRING_CATALOG_GENERATE_SYMBOLS = YES;
				SWIFT_APPROACHABLE_CONCURRENCY = YES;
				SWIFT_DEFAULT_ACTOR_ISOLATION = MainActor;
				SWIFT_EMIT_LOC_STRINGS = YES;
				SWIFT_UPCOMING_FEATURE_MEMBER_IMPORT_VISIBILITY = YES;
				SWIFT_VERSION = 5.0;
				TARGETED_DEVICE_FAMILY = "1,2";
			};
			name = Debug;
		};
		A50A3CE02F895EB700618AFA /* Release */ = {
			isa = XCBuildConfiguration;
			buildSettings = {
				ASSETCATALOG_COMPILER_APPICON_NAME = AppIcon;
				ASSETCATALOG_COMPILER_GLOBAL_ACCENT_COLOR_NAME = AccentColor;
				CODE_SIGN_ENTITLEMENTS = TaxSuite/TaxSuite.entitlements;
				CODE_SIGN_STYLE = Automatic;
				CURRENT_PROJECT_VERSION = 1;
				DEVELOPMENT_TEAM = 7R927F3U4V;
				ENABLE_PREVIEWS = YES;
				GENERATE_INFOPLIST_FILE = YES;
				INFOPLIST_FILE = TaxSuite/Info.plist;
				INFOPLIST_KEY_LSApplicationCategoryType = "public.app-category.finance";
				INFOPLIST_KEY_UIApplicationSceneManifest_Generation = YES;
				INFOPLIST_KEY_UIApplicationSupportsIndirectInputEvents = YES;
				INFOPLIST_KEY_UILaunchScreen_Generation = YES;
				INFOPLIST_KEY_UISupportedInterfaceOrientations_iPad = UIInterfaceOrientationPortrait;
				INFOPLIST_KEY_UISupportedInterfaceOrientations_iPhone = UIInterfaceOrientationPortrait;
				LD_RUNPATH_SEARCH_PATHS = (
					"$(inherited)",
					"@executable_path/Frameworks",
				);
				MARKETING_VERSION = 1.0;
				PRODUCT_BUNDLE_IDENTIFIER = com.fumiakiMogi777.TaxSuite;
				PRODUCT_NAME = "$(TARGET_NAME)";
				STRING_CATALOG_GENERATE_SYMBOLS = YES;
				SWIFT_APPROACHABLE_CONCURRENCY = YES;
				SWIFT_DEFAULT_ACTOR_ISOLATION = MainActor;
				SWIFT_EMIT_LOC_STRINGS = YES;
				SWIFT_UPCOMING_FEATURE_MEMBER_IMPORT_VISIBILITY = YES;
				SWIFT_VERSION = 5.0;
				TARGETED_DEVICE_FAMILY = "1,2";
			};
			name = Release;
		};
		A50A3CE12F895EB700618AFA /* Debug */ = {
			isa = XCBuildConfiguration;
			buildSettings = {
				ALWAYS_SEARCH_USER_PATHS = NO;
				ASSETCATALOG_COMPILER_GENERATE_SWIFT_ASSET_SYMBOL_EXTENSIONS = YES;
				CLANG_ANALYZER_NONNULL = YES;
				CLANG_ANALYZER_NUMBER_OBJECT_CONVERSION = YES_AGGRESSIVE;
				CLANG_CXX_LANGUAGE_STANDARD = "gnu++20";
				CLANG_ENABLE_MODULES = YES;
				CLANG_ENABLE_OBJC_ARC = YES;
				CLANG_ENABLE_OBJC_WEAK = YES;
				CLANG_WARN_BLOCK_CAPTURE_AUTORELEASING = YES;
				CLANG_WARN_BOOL_CONVERSION = YES;
				CLANG_WARN_COMMA = YES;
				CLANG_WARN_CONSTANT_CONVERSION = YES;
				CLANG_WARN_DEPRECATED_OBJC_IMPLEMENTATIONS = YES;
				CLANG_WARN_DIRECT_OBJC_ISA_USAGE = YES_ERROR;
				CLANG_WARN_DOCUMENTATION_COMMENTS = YES;
				CLANG_WARN_EMPTY_BODY = YES;
				CLANG_WARN_ENUM_CONVERSION = YES;
				CLANG_WARN_INFINITE_RECURSION = YES;
				CLANG_WARN_INT_CONVERSION = YES;
				CLANG_WARN_NON_LITERAL_NULL_CONVERSION = YES;
				CLANG_WARN_OBJC_IMPLICIT_RETAIN_SELF = YES;
				CLANG_WARN_OBJC_LITERAL_CONVERSION = YES;
				CLANG_WARN_OBJC_ROOT_CLASS = YES_ERROR;
				CLANG_WARN_QUOTED_INCLUDE_IN_FRAMEWORK_HEADER = YES;
				CLANG_WARN_RANGE_LOOP_ANALYSIS = YES;
				CLANG_WARN_STRICT_PROTOTYPES = YES;
				CLANG_WARN_SUSPICIOUS_MOVE = YES;
				CLANG_WARN_UNGUARDED_AVAILABILITY = YES_AGGRESSIVE;
				CLANG_WARN_UNREACHABLE_CODE = YES;
				CLANG_WARN__DUPLICATE_METHOD_MATCH = YES;
				COPY_PHASE_STRIP = NO;
				DEBUG_INFORMATION_FORMAT = dwarf;
				DEVELOPMENT_TEAM = 7R927F3U4V;
				ENABLE_STRICT_OBJC_MSGSEND = YES;
				ENABLE_TESTABILITY = YES;
				ENABLE_USER_SCRIPT_SANDBOXING = YES;
				GCC_C_LANGUAGE_STANDARD = gnu17;
				GCC_DYNAMIC_NO_PIC = NO;
				GCC_NO_COMMON_BLOCKS = YES;
				GCC_OPTIMIZATION_LEVEL = 0;
				GCC_PREPROCESSOR_DEFINITIONS = (
					"DEBUG=1",
					"$(inherited)",
				);
				GCC_WARN_64_TO_32_BIT_CONVERSION = YES;
				GCC_WARN_ABOUT_RETURN_TYPE = YES_ERROR;
				GCC_WARN_UNDECLARED_SELECTOR = YES;
				GCC_WARN_UNINITIALIZED_AUTOS = YES_AGGRESSIVE;
				GCC_WARN_UNUSED_FUNCTION = YES;
				GCC_WARN_UNUSED_VARIABLE = YES;
				IPHONEOS_DEPLOYMENT_TARGET = 26.4;
				LOCALIZATION_PREFERS_STRING_CATALOGS = YES;
				MTL_ENABLE_DEBUG_INFO = INCLUDE_SOURCE;
				MTL_FAST_MATH = YES;
				ONLY_ACTIVE_ARCH = YES;
				SDKROOT = iphoneos;
				SWIFT_ACTIVE_COMPILATION_CONDITIONS = "DEBUG $(inherited)";
				SWIFT_OPTIMIZATION_LEVEL = "-Onone";
			};
			name = Debug;
		};
		A50A3CE22F895EB700618AFA /* Release */ = {
			isa = XCBuildConfiguration;
			buildSettings = {
				ALWAYS_SEARCH_USER_PATHS = NO;
				ASSETCATALOG_COMPILER_GENERATE_SWIFT_ASSET_SYMBOL_EXTENSIONS = YES;
				CLANG_ANALYZER_NONNULL = YES;
				CLANG_ANALYZER_NUMBER_OBJECT_CONVERSION = YES_AGGRESSIVE;
				CLANG_CXX_LANGUAGE_STANDARD = "gnu++20";
				CLANG_ENABLE_MODULES = YES;
				CLANG_ENABLE_OBJC_ARC = YES;
				CLANG_ENABLE_OBJC_WEAK = YES;
				CLANG_WARN_BLOCK_CAPTURE_AUTORELEASING = YES;
				CLANG_WARN_BOOL_CONVERSION = YES;
				CLANG_WARN_COMMA = YES;
				CLANG_WARN_CONSTANT_CONVERSION = YES;
				CLANG_WARN_DEPRECATED_OBJC_IMPLEMENTATIONS = YES;
				CLANG_WARN_DIRECT_OBJC_ISA_USAGE = YES_ERROR;
				CLANG_WARN_DOCUMENTATION_COMMENTS = YES;
				CLANG_WARN_EMPTY_BODY = YES;
				CLANG_WARN_ENUM_CONVERSION = YES;
				CLANG_WARN_INFINITE_RECURSION = YES;
				CLANG_WARN_INT_CONVERSION = YES;
				CLANG_WARN_NON_LITERAL_NULL_CONVERSION = YES;
				CLANG_WARN_OBJC_IMPLICIT_RETAIN_SELF = YES;
				CLANG_WARN_OBJC_LITERAL_CONVERSION = YES;
				CLANG_WARN_OBJC_ROOT_CLASS = YES_ERROR;
				CLANG_WARN_QUOTED_INCLUDE_IN_FRAMEWORK_HEADER = YES;
				CLANG_WARN_RANGE_LOOP_ANALYSIS = YES;
				CLANG_WARN_STRICT_PROTOTYPES = YES;
				CLANG_WARN_SUSPICIOUS_MOVE = YES;
				CLANG_WARN_UNGUARDED_AVAILABILITY = YES_AGGRESSIVE;
				CLANG_WARN_UNREACHABLE_CODE = YES;
				CLANG_WARN__DUPLICATE_METHOD_MATCH = YES;
				COPY_PHASE_STRIP = NO;
				DEBUG_INFORMATION_FORMAT = "dwarf-with-dsym";
				DEVELOPMENT_TEAM = 7R927F3U4V;
				ENABLE_NS_ASSERTIONS = NO;
				ENABLE_STRICT_OBJC_MSGSEND = YES;
				ENABLE_USER_SCRIPT_SANDBOXING = YES;
				GCC_C_LANGUAGE_STANDARD = gnu17;
				GCC_NO_COMMON_BLOCKS = YES;
				GCC_WARN_64_TO_32_BIT_CONVERSION = YES;
				GCC_WARN_ABOUT_RETURN_TYPE = YES_ERROR;
				GCC_WARN_UNDECLARED_SELECTOR = YES;
				GCC_WARN_UNINITIALIZED_AUTOS = YES_AGGRESSIVE;
				GCC_WARN_UNUSED_FUNCTION = YES;
				GCC_WARN_UNUSED_VARIABLE = YES;
				IPHONEOS_DEPLOYMENT_TARGET = 26.4;
				LOCALIZATION_PREFERS_STRING_CATALOGS = YES;
				MTL_ENABLE_DEBUG_INFO = NO;
				MTL_FAST_MATH = YES;
				SDKROOT = iphoneos;
				SWIFT_COMPILATION_MODE = wholemodule;
				VALIDATE_PRODUCT = YES;
			};
			name = Release;
		};
/* End XCBuildConfiguration section */

/* Begin XCConfigurationList section */
		A50A3CCB2F895EB500618AFA /* Build configuration list for PBXProject "TaxSuite" */ = {
			isa = XCConfigurationList;
			buildConfigurations = (
				A50A3CE12F895EB700618AFA /* Debug */,
				A50A3CE22F895EB700618AFA /* Release */,
			);
			defaultConfigurationIsVisible = 0;
			defaultConfigurationName = Release;
		};
		A50A3CDE2F895EB700618AFA /* Build configuration list for PBXNativeTarget "TaxSuite" */ = {
			isa = XCConfigurationList;
			buildConfigurations = (
				A50A3CDF2F895EB700618AFA /* Debug */,
				A50A3CE02F895EB700618AFA /* Release */,
			);
			defaultConfigurationIsVisible = 0;
			defaultConfigurationName = Release;
		};
		C3D5E17F85B8A6E55D0AC7C2 /* Build configuration list for PBXNativeTarget "TaxSuiteWidget" */ = {
			isa = XCConfigurationList;
			buildConfigurations = (
				272AB499BB669DCA49A436F6 /* Release */,
				A15064A6A3C20E652736E875 /* Debug */,
			);
			defaultConfigurationIsVisible = 0;
			defaultConfigurationName = Release;
		};
/* End XCConfigurationList section */

/* Begin XCRemoteSwiftPackageReference section */
		A50A3CEC2F8B2A0500618AFA /* XCRemoteSwiftPackageReference "swift-package-manager-google-mobile-ads" */ = {
			isa = XCRemoteSwiftPackageReference;
			repositoryURL = "https://github.com/googleads/swift-package-manager-google-mobile-ads.git";
			requirement = {
				kind = upToNextMajorVersion;
				minimumVersion = 13.2.0;
			};
		};
/* End XCRemoteSwiftPackageReference section */

/* Begin XCSwiftPackageProductDependency section */
		A50A3CED2F8B2A0500618AFA /* GoogleMobileAds */ = {
			isa = XCSwiftPackageProductDependency;
			package = A50A3CEC2F8B2A0500618AFA /* XCRemoteSwiftPackageReference "swift-package-manager-google-mobile-ads" */;
			productName = GoogleMobileAds;
		};
/* End XCSwiftPackageProductDependency section */
	};
	rootObject = A50A3CC82F895EB500618AFA /* Project object */;
}
